// !$*UTF8*$!
{
	archiveVersion = 1;
	classes = {
	};
	objectVersion = 50;
	objects = {

/* Begin PBXBuildFile section */
		0B35CF81265B961900BCED28 /* DetailWorkout.storyboard in Resources */ = {isa = PBXBuildFile; fileRef = 0B35CF80265B961900BCED28 /* DetailWorkout.storyboard */; };
		0B35CF83265B999500BCED28 /* DetailWorkoutViewController.swift in Sources */ = {isa = PBXBuildFile; fileRef = 0B35CF82265B999500BCED28 /* DetailWorkoutViewController.swift */; };
		0B35CF85265B9A6900BCED28 /* DetailWorkoutViewModel.swift in Sources */ = {isa = PBXBuildFile; fileRef = 0B35CF84265B9A6900BCED28 /* DetailWorkoutViewModel.swift */; };
		0B35CFF5265BBE2100BCED28 /* MainViewModel.swift in Sources */ = {isa = PBXBuildFile; fileRef = 0B35CFF4265BBE2100BCED28 /* MainViewModel.swift */; };
		0BD5932A265AF366005635A8 /* WorkoutCellViewModel.swift in Sources */ = {isa = PBXBuildFile; fileRef = 0BD59329265AF366005635A8 /* WorkoutCellViewModel.swift */; };
		0BD5932D265AF9B8005635A8 /* UIImageView+LoadImage.swift in Sources */ = {isa = PBXBuildFile; fileRef = 0BD5932C265AF9B8005635A8 /* UIImageView+LoadImage.swift */; };
		0BFE1BB1265ACC7C00A9FCF0 /* AppDelegate.swift in Sources */ = {isa = PBXBuildFile; fileRef = 0BFE1BB0265ACC7C00A9FCF0 /* AppDelegate.swift */; };
		0BFE1BB3265ACC7C00A9FCF0 /* SceneDelegate.swift in Sources */ = {isa = PBXBuildFile; fileRef = 0BFE1BB2265ACC7C00A9FCF0 /* SceneDelegate.swift */; };
		0BFE1BB5265ACC7C00A9FCF0 /* MainViewController.swift in Sources */ = {isa = PBXBuildFile; fileRef = 0BFE1BB4265ACC7C00A9FCF0 /* MainViewController.swift */; };
		0BFE1BB8265ACC7C00A9FCF0 /* Main.storyboard in Resources */ = {isa = PBXBuildFile; fileRef = 0BFE1BB6265ACC7C00A9FCF0 /* Main.storyboard */; };
		0BFE1BBA265ACC7D00A9FCF0 /* Assets.xcassets in Resources */ = {isa = PBXBuildFile; fileRef = 0BFE1BB9265ACC7D00A9FCF0 /* Assets.xcassets */; };
		0BFE1BBD265ACC7D00A9FCF0 /* LaunchScreen.storyboard in Resources */ = {isa = PBXBuildFile; fileRef = 0BFE1BBB265ACC7D00A9FCF0 /* LaunchScreen.storyboard */; };
		0BFE1BC8265ACC7D00A9FCF0 /* ExampleTests.swift in Sources */ = {isa = PBXBuildFile; fileRef = 0BFE1BC7265ACC7D00A9FCF0 /* ExampleTests.swift */; };
		0BFE1BD3265ACC7D00A9FCF0 /* ExampleUITests.swift in Sources */ = {isa = PBXBuildFile; fileRef = 0BFE1BD2265ACC7D00A9FCF0 /* ExampleUITests.swift */; };
		0BFE1BE6265AD1EA00A9FCF0 /* workouts.json in Resources */ = {isa = PBXBuildFile; fileRef = 0BFE1BE5265AD1EA00A9FCF0 /* workouts.json */; };
		0BFE1BE8265AD21700A9FCF0 /* Workout.swift in Sources */ = {isa = PBXBuildFile; fileRef = 0BFE1BE7265AD21700A9FCF0 /* Workout.swift */; };
		0BFE1BED265AD29B00A9FCF0 /* ListWorkoutsViewController.swift in Sources */ = {isa = PBXBuildFile; fileRef = 0BFE1BEC265AD29B00A9FCF0 /* ListWorkoutsViewController.swift */; };
		0BFE1BEF265AD30D00A9FCF0 /* ListWorkouts.storyboard in Resources */ = {isa = PBXBuildFile; fileRef = 0BFE1BEE265AD30D00A9FCF0 /* ListWorkouts.storyboard */; };
		0BFE1BF1265AD41D00A9FCF0 /* ListWorkoutsViewModel.swift in Sources */ = {isa = PBXBuildFile; fileRef = 0BFE1BF0265AD41D00A9FCF0 /* ListWorkoutsViewModel.swift */; };
		0BFE1BF6265AE98F00A9FCF0 /* Workouts.swift in Sources */ = {isa = PBXBuildFile; fileRef = 0BFE1BF5265AE98F00A9FCF0 /* Workouts.swift */; };
/* End PBXBuildFile section */

/* Begin PBXContainerItemProxy section */
		0BFE1BC4265ACC7D00A9FCF0 /* PBXContainerItemProxy */ = {
			isa = PBXContainerItemProxy;
			containerPortal = 0BFE1BA5265ACC7C00A9FCF0 /* Project object */;
			proxyType = 1;
			remoteGlobalIDString = 0BFE1BAC265ACC7C00A9FCF0;
			remoteInfo = Example;
		};
		0BFE1BCF265ACC7D00A9FCF0 /* PBXContainerItemProxy */ = {
			isa = PBXContainerItemProxy;
			containerPortal = 0BFE1BA5265ACC7C00A9FCF0 /* Project object */;
			proxyType = 1;
			remoteGlobalIDString = 0BFE1BAC265ACC7C00A9FCF0;
			remoteInfo = Example;
		};
/* End PBXContainerItemProxy section */

/* Begin PBXFileReference section */
		0B35CF80265B961900BCED28 /* DetailWorkout.storyboard */ = {isa = PBXFileReference; lastKnownFileType = file.storyboard; path = DetailWorkout.storyboard; sourceTree = "<group>"; };
		0B35CF82265B999500BCED28 /* DetailWorkoutViewController.swift */ = {isa = PBXFileReference; lastKnownFileType = sourcecode.swift; path = DetailWorkoutViewController.swift; sourceTree = "<group>"; };
		0B35CF84265B9A6900BCED28 /* DetailWorkoutViewModel.swift */ = {isa = PBXFileReference; lastKnownFileType = sourcecode.swift; path = DetailWorkoutViewModel.swift; sourceTree = "<group>"; };
		0B35CFF4265BBE2100BCED28 /* MainViewModel.swift */ = {isa = PBXFileReference; lastKnownFileType = sourcecode.swift; path = MainViewModel.swift; sourceTree = "<group>"; };
		0BD59329265AF366005635A8 /* WorkoutCellViewModel.swift */ = {isa = PBXFileReference; lastKnownFileType = sourcecode.swift; path = WorkoutCellViewModel.swift; sourceTree = "<group>"; };
		0BD5932C265AF9B8005635A8 /* UIImageView+LoadImage.swift */ = {isa = PBXFileReference; lastKnownFileType = sourcecode.swift; path = "UIImageView+LoadImage.swift"; sourceTree = "<group>"; };
		0BFE1BAD265ACC7C00A9FCF0 /* Example.app */ = {isa = PBXFileReference; explicitFileType = wrapper.application; includeInIndex = 0; path = Example.app; sourceTree = BUILT_PRODUCTS_DIR; };
		0BFE1BB0265ACC7C00A9FCF0 /* AppDelegate.swift */ = {isa = PBXFileReference; lastKnownFileType = sourcecode.swift; path = AppDelegate.swift; sourceTree = "<group>"; };
		0BFE1BB2265ACC7C00A9FCF0 /* SceneDelegate.swift */ = {isa = PBXFileReference; lastKnownFileType = sourcecode.swift; path = SceneDelegate.swift; sourceTree = "<group>"; };
		0BFE1BB4265ACC7C00A9FCF0 /* MainViewController.swift */ = {isa = PBXFileReference; lastKnownFileType = sourcecode.swift; path = MainViewController.swift; sourceTree = "<group>"; };
		0BFE1BB7265ACC7C00A9FCF0 /* Base */ = {isa = PBXFileReference; lastKnownFileType = file.storyboard; name = Base; path = Base.lproj/Main.storyboard; sourceTree = "<group>"; };
		0BFE1BB9265ACC7D00A9FCF0 /* Assets.xcassets */ = {isa = PBXFileReference; lastKnownFileType = folder.assetcatalog; path = Assets.xcassets; sourceTree = "<group>"; };
		0BFE1BBC265ACC7D00A9FCF0 /* Base */ = {isa = PBXFileReference; lastKnownFileType = file.storyboard; name = Base; path = Base.lproj/LaunchScreen.storyboard; sourceTree = "<group>"; };
		0BFE1BBE265ACC7D00A9FCF0 /* Info.plist */ = {isa = PBXFileReference; lastKnownFileType = text.plist.xml; path = Info.plist; sourceTree = "<group>"; };
		0BFE1BC3265ACC7D00A9FCF0 /* ExampleTests.xctest */ = {isa = PBXFileReference; explicitFileType = wrapper.cfbundle; includeInIndex = 0; path = ExampleTests.xctest; sourceTree = BUILT_PRODUCTS_DIR; };
		0BFE1BC7265ACC7D00A9FCF0 /* ExampleTests.swift */ = {isa = PBXFileReference; lastKnownFileType = sourcecode.swift; path = ExampleTests.swift; sourceTree = "<group>"; };
		0BFE1BC9265ACC7D00A9FCF0 /* Info.plist */ = {isa = PBXFileReference; lastKnownFileType = text.plist.xml; path = Info.plist; sourceTree = "<group>"; };
		0BFE1BCE265ACC7D00A9FCF0 /* ExampleUITests.xctest */ = {isa = PBXFileReference; explicitFileType = wrapper.cfbundle; includeInIndex = 0; path = ExampleUITests.xctest; sourceTree = BUILT_PRODUCTS_DIR; };
		0BFE1BD2265ACC7D00A9FCF0 /* ExampleUITests.swift */ = {isa = PBXFileReference; lastKnownFileType = sourcecode.swift; path = ExampleUITests.swift; sourceTree = "<group>"; };
		0BFE1BD4265ACC7D00A9FCF0 /* Info.plist */ = {isa = PBXFileReference; lastKnownFileType = text.plist.xml; path = Info.plist; sourceTree = "<group>"; };
		0BFE1BE5265AD1EA00A9FCF0 /* workouts.json */ = {isa = PBXFileReference; fileEncoding = 4; lastKnownFileType = text.json; path = workouts.json; sourceTree = "<group>"; };
		0BFE1BE7265AD21700A9FCF0 /* Workout.swift */ = {isa = PBXFileReference; lastKnownFileType = sourcecode.swift; path = Workout.swift; sourceTree = "<group>"; };
		0BFE1BEC265AD29B00A9FCF0 /* ListWorkoutsViewController.swift */ = {isa = PBXFileReference; lastKnownFileType = sourcecode.swift; path = ListWorkoutsViewController.swift; sourceTree = "<group>"; };
		0BFE1BEE265AD30D00A9FCF0 /* ListWorkouts.storyboard */ = {isa = PBXFileReference; lastKnownFileType = file.storyboard; path = ListWorkouts.storyboard; sourceTree = "<group>"; };
		0BFE1BF0265AD41D00A9FCF0 /* ListWorkoutsViewModel.swift */ = {isa = PBXFileReference; lastKnownFileType = sourcecode.swift; path = ListWorkoutsViewModel.swift; sourceTree = "<group>"; };
		0BFE1BF5265AE98F00A9FCF0 /* Workouts.swift */ = {isa = PBXFileReference; lastKnownFileType = sourcecode.swift; path = Workouts.swift; sourceTree = "<group>"; };
/* End PBXFileReference section */

/* Begin PBXFrameworksBuildPhase section */
		0BFE1BAA265ACC7C00A9FCF0 /* Frameworks */ = {
			isa = PBXFrameworksBuildPhase;
			buildActionMask = 2147483647;
			files = (
			);
			runOnlyForDeploymentPostprocessing = 0;
		};
		0BFE1BC0265ACC7D00A9FCF0 /* Frameworks */ = {
			isa = PBXFrameworksBuildPhase;
			buildActionMask = 2147483647;
			files = (
			);
			runOnlyForDeploymentPostprocessing = 0;
		};
		0BFE1BCB265ACC7D00A9FCF0 /* Frameworks */ = {
			isa = PBXFrameworksBuildPhase;
			buildActionMask = 2147483647;
			files = (
			);
			runOnlyForDeploymentPostprocessing = 0;
		};
/* End PBXFrameworksBuildPhase section */

/* Begin PBXGroup section */
		0BD5932B265AF995005635A8 /* Helpers */ = {
			isa = PBXGroup;
			children = (
				0BD5932C265AF9B8005635A8 /* UIImageView+LoadImage.swift */,
			);
			path = Helpers;
			sourceTree = "<group>";
		};
		0BFE1BA4265ACC7C00A9FCF0 = {
			isa = PBXGroup;
			children = (
				0BFE1BAF265ACC7C00A9FCF0 /* Example */,
				0BFE1BC6265ACC7D00A9FCF0 /* ExampleTests */,
				0BFE1BD1265ACC7D00A9FCF0 /* ExampleUITests */,
				0BFE1BAE265ACC7C00A9FCF0 /* Products */,
			);
			sourceTree = "<group>";
		};
		0BFE1BAE265ACC7C00A9FCF0 /* Products */ = {
			isa = PBXGroup;
			children = (
				0BFE1BAD265ACC7C00A9FCF0 /* Example.app */,
				0BFE1BC3265ACC7D00A9FCF0 /* ExampleTests.xctest */,
				0BFE1BCE265ACC7D00A9FCF0 /* ExampleUITests.xctest */,
			);
			name = Products;
			sourceTree = "<group>";
		};
		0BFE1BAF265ACC7C00A9FCF0 /* Example */ = {
			isa = PBXGroup;
			children = (
				0BD5932B265AF995005635A8 /* Helpers */,
				0BFE1BE9265AD26C00A9FCF0 /* Models */,
				0BFE1BE1265AD16500A9FCF0 /* Screens */,
				0BFE1BE0265AD13B00A9FCF0 /* Resources */,
				0BFE1BB0265ACC7C00A9FCF0 /* AppDelegate.swift */,
				0BFE1BB2265ACC7C00A9FCF0 /* SceneDelegate.swift */,
				0BFE1BB9265ACC7D00A9FCF0 /* Assets.xcassets */,
				0BFE1BBB265ACC7D00A9FCF0 /* LaunchScreen.storyboard */,
				0BFE1BBE265ACC7D00A9FCF0 /* Info.plist */,
			);
			path = Example;
			sourceTree = "<group>";
		};
		0BFE1BC6265ACC7D00A9FCF0 /* ExampleTests */ = {
			isa = PBXGroup;
			children = (
				0BFE1BC7265ACC7D00A9FCF0 /* ExampleTests.swift */,
				0BFE1BC9265ACC7D00A9FCF0 /* Info.plist */,
			);
			path = ExampleTests;
			sourceTree = "<group>";
		};
		0BFE1BD1265ACC7D00A9FCF0 /* ExampleUITests */ = {
			isa = PBXGroup;
			children = (
				0BFE1BD2265ACC7D00A9FCF0 /* ExampleUITests.swift */,
				0BFE1BD4265ACC7D00A9FCF0 /* Info.plist */,
			);
			path = ExampleUITests;
			sourceTree = "<group>";
		};
		0BFE1BE0265AD13B00A9FCF0 /* Resources */ = {
			isa = PBXGroup;
			children = (
				0BFE1BE5265AD1EA00A9FCF0 /* workouts.json */,
			);
			path = Resources;
			sourceTree = "<group>";
		};
		0BFE1BE1265AD16500A9FCF0 /* Screens */ = {
			isa = PBXGroup;
			children = (
				0BFE1BE4265AD17E00A9FCF0 /* Detail */,
				0BFE1BE3265AD17900A9FCF0 /* List */,
				0BFE1BE2265AD16E00A9FCF0 /* Main */,
			);
			path = Screens;
			sourceTree = "<group>";
		};
		0BFE1BE2265AD16E00A9FCF0 /* Main */ = {
			isa = PBXGroup;
			children = (
				0BFE1BB4265ACC7C00A9FCF0 /* MainViewController.swift */,
				0B35CFF4265BBE2100BCED28 /* MainViewModel.swift */,
				0BFE1BB6265ACC7C00A9FCF0 /* Main.storyboard */,
			);
			path = Main;
			sourceTree = "<group>";
		};
		0BFE1BE3265AD17900A9FCF0 /* List */ = {
			isa = PBXGroup;
			children = (
				0BFE1BEC265AD29B00A9FCF0 /* ListWorkoutsViewController.swift */,
				0BFE1BEE265AD30D00A9FCF0 /* ListWorkouts.storyboard */,
				0BFE1BF0265AD41D00A9FCF0 /* ListWorkoutsViewModel.swift */,
				0BD59329265AF366005635A8 /* WorkoutCellViewModel.swift */,
			);
			path = List;
			sourceTree = "<group>";
		};
		0BFE1BE4265AD17E00A9FCF0 /* Detail */ = {
			isa = PBXGroup;
			children = (
				0B35CF80265B961900BCED28 /* DetailWorkout.storyboard */,
				0B35CF82265B999500BCED28 /* DetailWorkoutViewController.swift */,
				0B35CF84265B9A6900BCED28 /* DetailWorkoutViewModel.swift */,
			);
			path = Detail;
			sourceTree = "<group>";
		};
		0BFE1BE9265AD26C00A9FCF0 /* Models */ = {
			isa = PBXGroup;
			children = (
				0BFE1BE7265AD21700A9FCF0 /* Workout.swift */,
				0BFE1BF5265AE98F00A9FCF0 /* Workouts.swift */,
			);
			path = Models;
			sourceTree = "<group>";
		};
/* End PBXGroup section */

/* Begin PBXNativeTarget section */
		0BFE1BAC265ACC7C00A9FCF0 /* Example */ = {
			isa = PBXNativeTarget;
			buildConfigurationList = 0BFE1BD7265ACC7D00A9FCF0 /* Build configuration list for PBXNativeTarget "Example" */;
			buildPhases = (
				0BFE1BA9265ACC7C00A9FCF0 /* Sources */,
				0BFE1BAA265ACC7C00A9FCF0 /* Frameworks */,
				0BFE1BAB265ACC7C00A9FCF0 /* Resources */,
			);
			buildRules = (
			);
			dependencies = (
			);
			name = Example;
			productName = Example;
			productReference = 0BFE1BAD265ACC7C00A9FCF0 /* Example.app */;
			productType = "com.apple.product-type.application";
		};
		0BFE1BC2265ACC7D00A9FCF0 /* ExampleTests */ = {
			isa = PBXNativeTarget;
			buildConfigurationList = 0BFE1BDA265ACC7D00A9FCF0 /* Build configuration list for PBXNativeTarget "ExampleTests" */;
			buildPhases = (
				0BFE1BBF265ACC7D00A9FCF0 /* Sources */,
				0BFE1BC0265ACC7D00A9FCF0 /* Frameworks */,
				0BFE1BC1265ACC7D00A9FCF0 /* Resources */,
			);
			buildRules = (
			);
			dependencies = (
				0BFE1BC5265ACC7D00A9FCF0 /* PBXTargetDependency */,
			);
			name = ExampleTests;
			productName = ExampleTests;
			productReference = 0BFE1BC3265ACC7D00A9FCF0 /* ExampleTests.xctest */;
			productType = "com.apple.product-type.bundle.unit-test";
		};
		0BFE1BCD265ACC7D00A9FCF0 /* ExampleUITests */ = {
			isa = PBXNativeTarget;
			buildConfigurationList = 0BFE1BDD265ACC7D00A9FCF0 /* Build configuration list for PBXNativeTarget "ExampleUITests" */;
			buildPhases = (
				0BFE1BCA265ACC7D00A9FCF0 /* Sources */,
				0BFE1BCB265ACC7D00A9FCF0 /* Frameworks */,
				0BFE1BCC265ACC7D00A9FCF0 /* Resources */,
			);
			buildRules = (
			);
			dependencies = (
				0BFE1BD0265ACC7D00A9FCF0 /* PBXTargetDependency */,
			);
			name = ExampleUITests;
			productName = ExampleUITests;
			productReference = 0BFE1BCE265ACC7D00A9FCF0 /* ExampleUITests.xctest */;
			productType = "com.apple.product-type.bundle.ui-testing";
		};
/* End PBXNativeTarget section */

/* Begin PBXProject section */
		0BFE1BA5265ACC7C00A9FCF0 /* Project object */ = {
			isa = PBXProject;
			attributes = {
				LastSwiftUpdateCheck = 1250;
				LastUpgradeCheck = 1250;
				TargetAttributes = {
					0BFE1BAC265ACC7C00A9FCF0 = {
						CreatedOnToolsVersion = 12.5;
					};
					0BFE1BC2265ACC7D00A9FCF0 = {
						CreatedOnToolsVersion = 12.5;
						TestTargetID = 0BFE1BAC265ACC7C00A9FCF0;
					};
					0BFE1BCD265ACC7D00A9FCF0 = {
						CreatedOnToolsVersion = 12.5;
						TestTargetID = 0BFE1BAC265ACC7C00A9FCF0;
					};
				};
			};
			buildConfigurationList = 0BFE1BA8265ACC7C00A9FCF0 /* Build configuration list for PBXProject "Example" */;
			compatibilityVersion = "Xcode 9.3";
			developmentRegion = en;
			hasScannedForEncodings = 0;
			knownRegions = (
				en,
				Base,
			);
			mainGroup = 0BFE1BA4265ACC7C00A9FCF0;
			productRefGroup = 0BFE1BAE265ACC7C00A9FCF0 /* Products */;
			projectDirPath = "";
			projectRoot = "";
			targets = (
				0BFE1BAC265ACC7C00A9FCF0 /* Example */,
				0BFE1BC2265ACC7D00A9FCF0 /* ExampleTests */,
				0BFE1BCD265ACC7D00A9FCF0 /* ExampleUITests */,
			);
		};
/* End PBXProject section */

/* Begin PBXResourcesBuildPhase section */
		0BFE1BAB265ACC7C00A9FCF0 /* Resources */ = {
			isa = PBXResourcesBuildPhase;
			buildActionMask = 2147483647;
			files = (
				0BFE1BBD265ACC7D00A9FCF0 /* LaunchScreen.storyboard in Resources */,
				0BFE1BBA265ACC7D00A9FCF0 /* Assets.xcassets in Resources */,
				0BFE1BEF265AD30D00A9FCF0 /* ListWorkouts.storyboard in Resources */,
				0BFE1BB8265ACC7C00A9FCF0 /* Main.storyboard in Resources */,
				0BFE1BE6265AD1EA00A9FCF0 /* workouts.json in Resources */,
				0B35CF81265B961900BCED28 /* DetailWorkout.storyboard in Resources */,
			);
			runOnlyForDeploymentPostprocessing = 0;
		};
		0BFE1BC1265ACC7D00A9FCF0 /* Resources */ = {
			isa = PBXResourcesBuildPhase;
			buildActionMask = 2147483647;
			files = (
			);
			runOnlyForDeploymentPostprocessing = 0;
		};
		0BFE1BCC265ACC7D00A9FCF0 /* Resources */ = {
			isa = PBXResourcesBuildPhase;
			buildActionMask = 2147483647;
			files = (
			);
			runOnlyForDeploymentPostprocessing = 0;
		};
/* End PBXResourcesBuildPhase section */

/* Begin PBXSourcesBuildPhase section */
		0BFE1BA9265ACC7C00A9FCF0 /* Sources */ = {
			isa = PBXSourcesBuildPhase;
			buildActionMask = 2147483647;
			files = (
				0BFE1BB5265ACC7C00A9FCF0 /* MainViewController.swift in Sources */,
				0BD5932D265AF9B8005635A8 /* UIImageView+LoadImage.swift in Sources */,
				0BFE1BED265AD29B00A9FCF0 /* ListWorkoutsViewController.swift in Sources */,
				0BFE1BF1265AD41D00A9FCF0 /* ListWorkoutsViewModel.swift in Sources */,
				0B35CF85265B9A6900BCED28 /* DetailWorkoutViewModel.swift in Sources */,
				0BFE1BB1265ACC7C00A9FCF0 /* AppDelegate.swift in Sources */,
				0BD5932A265AF366005635A8 /* WorkoutCellViewModel.swift in Sources */,
				0BFE1BB3265ACC7C00A9FCF0 /* SceneDelegate.swift in Sources */,
				0BFE1BE8265AD21700A9FCF0 /* Workout.swift in Sources */,
				0BFE1BF6265AE98F00A9FCF0 /* Workouts.swift in Sources */,
				0B35CF83265B999500BCED28 /* DetailWorkoutViewController.swift in Sources */,
				0B35CFF5265BBE2100BCED28 /* MainViewModel.swift in Sources */,
			);
			runOnlyForDeploymentPostprocessing = 0;
		};
		0BFE1BBF265ACC7D00A9FCF0 /* Sources */ = {
			isa = PBXSourcesBuildPhase;
			buildActionMask = 2147483647;
			files = (
				0BFE1BC8265ACC7D00A9FCF0 /* ExampleTests.swift in Sources */,
			);
			runOnlyForDeploymentPostprocessing = 0;
		};
		0BFE1BCA265ACC7D00A9FCF0 /* Sources */ = {
			isa = PBXSourcesBuildPhase;
			buildActionMask = 2147483647;
			files = (
				0BFE1BD3265ACC7D00A9FCF0 /* ExampleUITests.swift in Sources */,
			);
			runOnlyForDeploymentPostprocessing = 0;
		};
/* End PBXSourcesBuildPhase section */

/* Begin PBXTargetDependency section */
		0BFE1BC5265ACC7D00A9FCF0 /* PBXTargetDependency */ = {
			isa = PBXTargetDependency;
			target = 0BFE1BAC265ACC7C00A9FCF0 /* Example */;
			targetProxy = 0BFE1BC4265ACC7D00A9FCF0 /* PBXContainerItemProxy */;
		};
		0BFE1BD0265ACC7D00A9FCF0 /* PBXTargetDependency */ = {
			isa = PBXTargetDependency;
			target = 0BFE1BAC265ACC7C00A9FCF0 /* Example */;
			targetProxy = 0BFE1BCF265ACC7D00A9FCF0 /* PBXContainerItemProxy */;
		};
/* End PBXTargetDependency section */

/* Begin PBXVariantGroup section */
		0BFE1BB6265ACC7C00A9FCF0 /* Main.storyboard */ = {
			isa = PBXVariantGroup;
			children = (
				0BFE1BB7265ACC7C00A9FCF0 /* Base */,
			);
			name = Main.storyboard;
			sourceTree = "<group>";
		};
		0BFE1BBB265ACC7D00A9FCF0 /* LaunchScreen.storyboard */ = {
			isa = PBXVariantGroup;
			children = (
				0BFE1BBC265ACC7D00A9FCF0 /* Base */,
			);
			name = LaunchScreen.storyboard;
			sourceTree = "<group>";
		};
/* End PBXVariantGroup section */

/* Begin XCBuildConfiguration section */
		0BFE1BD5265ACC7D00A9FCF0 /* Debug */ = {
			isa = XCBuildConfiguration;
			buildSettings = {
				ALWAYS_SEARCH_USER_PATHS = NO;
				CLANG_ANALYZER_NONNULL = YES;
				CLANG_ANALYZER_NUMBER_OBJECT_CONVERSION = YES_AGGRESSIVE;
				CLANG_CXX_LANGUAGE_STANDARD = "gnu++14";
				CLANG_CXX_LIBRARY = "libc++";
				CLANG_ENABLE_MODULES = YES;
				CLANG_ENABLE_OBJC_ARC = YES;
				CLANG_ENABLE_OBJC_WEAK = YES;
				CLANG_WARN_BLOCK_CAPTURE_AUTORELEASING = YES;
				CLANG_WARN_BOOL_CONVERSION = YES;
				CLANG_WARN_COMMA = YES;
				CLANG_WARN_CONSTANT_CONVERSION = YES;
				CLANG_WARN_DEPRECATED_OBJC_IMPLEMENTATIONS = YES;
				CLANG_WARN_DIRECT_OBJC_ISA_USAGE = YES_ERROR;
				CLANG_WARN_DOCUMENTATION_COMMENTS = YES;
				CLANG_WARN_EMPTY_BODY = YES;
				CLANG_WARN_ENUM_CONVERSION = YES;
				CLANG_WARN_INFINITE_RECURSION = YES;
				CLANG_WARN_INT_CONVERSION = YES;
				CLANG_WARN_NON_LITERAL_NULL_CONVERSION = YES;
				CLANG_WARN_OBJC_IMPLICIT_RETAIN_SELF = YES;
				CLANG_WARN_OBJC_LITERAL_CONVERSION = YES;
				CLANG_WARN_OBJC_ROOT_CLASS = YES_ERROR;
				CLANG_WARN_QUOTED_INCLUDE_IN_FRAMEWORK_HEADER = YES;
				CLANG_WARN_RANGE_LOOP_ANALYSIS = YES;
				CLANG_WARN_STRICT_PROTOTYPES = YES;
				CLANG_WARN_SUSPICIOUS_MOVE = YES;
				CLANG_WARN_UNGUARDED_AVAILABILITY = YES_AGGRESSIVE;
				CLANG_WARN_UNREACHABLE_CODE = YES;
				CLANG_WARN__DUPLICATE_METHOD_MATCH = YES;
				COPY_PHASE_STRIP = NO;
				DEBUG_INFORMATION_FORMAT = dwarf;
				ENABLE_STRICT_OBJC_MSGSEND = YES;
				ENABLE_TESTABILITY = YES;
				GCC_C_LANGUAGE_STANDARD = gnu11;
				GCC_DYNAMIC_NO_PIC = NO;
				GCC_NO_COMMON_BLOCKS = YES;
				GCC_OPTIMIZATION_LEVEL = 0;
				GCC_PREPROCESSOR_DEFINITIONS = (
					"DEBUG=1",
					"$(inherited)",
				);
				GCC_WARN_64_TO_32_BIT_CONVERSION = YES;
				GCC_WARN_ABOUT_RETURN_TYPE = YES_ERROR;
				GCC_WARN_UNDECLARED_SELECTOR = YES;
				GCC_WARN_UNINITIALIZED_AUTOS = YES_AGGRESSIVE;
				GCC_WARN_UNUSED_FUNCTION = YES;
				GCC_WARN_UNUSED_VARIABLE = YES;
				IPHONEOS_DEPLOYMENT_TARGET = 14.5;
				MTL_ENABLE_DEBUG_INFO = INCLUDE_SOURCE;
				MTL_FAST_MATH = YES;
				ONLY_ACTIVE_ARCH = YES;
				SDKROOT = iphoneos;
				SWIFT_ACTIVE_COMPILATION_CONDITIONS = DEBUG;
				SWIFT_OPTIMIZATION_LEVEL = "-Onone";
			};
			name = Debug;
		};
		0BFE1BD6265ACC7D00A9FCF0 /* Release */ = {
			isa = XCBuildConfiguration;
			buildSettings = {
				ALWAYS_SEARCH_USER_PATHS = NO;
				CLANG_ANALYZER_NONNULL = YES;
				CLANG_ANALYZER_NUMBER_OBJECT_CONVERSION = YES_AGGRESSIVE;
				CLANG_CXX_LANGUAGE_STANDARD = "gnu++14";
				CLANG_CXX_LIBRARY = "libc++";
				CLANG_ENABLE_MODULES = YES;
				CLANG_ENABLE_OBJC_ARC = YES;
				CLANG_ENABLE_OBJC_WEAK = YES;
				CLANG_WARN_BLOCK_CAPTURE_AUTORELEASING = YES;
				CLANG_WARN_BOOL_CONVERSION = YES;
				CLANG_WARN_COMMA = YES;
				CLANG_WARN_CONSTANT_CONVERSION = YES;
				CLANG_WARN_DEPRECATED_OBJC_IMPLEMENTATIONS = YES;
				CLANG_WARN_DIRECT_OBJC_ISA_USAGE = YES_ERROR;
				CLANG_WARN_DOCUMENTATION_COMMENTS = YES;
				CLANG_WARN_EMPTY_BODY = YES;
				CLANG_WARN_ENUM_CONVERSION = YES;
				CLANG_WARN_INFINITE_RECURSION = YES;
				CLANG_WARN_INT_CONVERSION = YES;
				CLANG_WARN_NON_LITERAL_NULL_CONVERSION = YES;
				CLANG_WARN_OBJC_IMPLICIT_RETAIN_SELF = YES;
				CLANG_WARN_OBJC_LITERAL_CONVERSION = YES;
				CLANG_WARN_OBJC_ROOT_CLASS = YES_ERROR;
				CLANG_WARN_QUOTED_INCLUDE_IN_FRAMEWORK_HEADER = YES;
				CLANG_WARN_RANGE_LOOP_ANALYSIS = YES;
				CLANG_WARN_STRICT_PROTOTYPES = YES;
				CLANG_WARN_SUSPICIOUS_MOVE = YES;
				CLANG_WARN_UNGUARDED_AVAILABILITY = YES_AGGRESSIVE;
				CLANG_WARN_UNREACHABLE_CODE = YES;
				CLANG_WARN__DUPLICATE_METHOD_MATCH = YES;
				COPY_PHASE_STRIP = NO;
				DEBUG_INFORMATION_FORMAT = "dwarf-with-dsym";
				ENABLE_NS_ASSERTIONS = NO;
				ENABLE_STRICT_OBJC_MSGSEND = YES;
				GCC_C_LANGUAGE_STANDARD = gnu11;
				GCC_NO_COMMON_BLOCKS = YES;
				GCC_WARN_64_TO_32_BIT_CONVERSION = YES;
				GCC_WARN_ABOUT_RETURN_TYPE = YES_ERROR;
				GCC_WARN_UNDECLARED_SELECTOR = YES;
				GCC_WARN_UNINITIALIZED_AUTOS = YES_AGGRESSIVE;
				GCC_WARN_UNUSED_FUNCTION = YES;
				GCC_WARN_UNUSED_VARIABLE = YES;
				IPHONEOS_DEPLOYMENT_TARGET = 14.5;
				MTL_ENABLE_DEBUG_INFO = NO;
				MTL_FAST_MATH = YES;
				SDKROOT = iphoneos;
				SWIFT_COMPILATION_MODE = wholemodule;
				SWIFT_OPTIMIZATION_LEVEL = "-O";
				VALIDATE_PRODUCT = YES;
			};
			name = Release;
		};
		0BFE1BD8265ACC7D00A9FCF0 /* Debug */ = {
			isa = XCBuildConfiguration;
			buildSettings = {
				ASSETCATALOG_COMPILER_APPICON_NAME = AppIcon;
				ASSETCATALOG_COMPILER_GLOBAL_ACCENT_COLOR_NAME = AccentColor;
				CODE_SIGN_STYLE = Automatic;
				DEVELOPMENT_TEAM = D667779EGE;
				INFOPLIST_FILE = Example/Info.plist;
				LD_RUNPATH_SEARCH_PATHS = (
					"$(inherited)",
					"@executable_path/Frameworks",
				);
				PRODUCT_BUNDLE_IDENTIFIER = Steewe.Example;
				PRODUCT_NAME = "$(TARGET_NAME)";
				SWIFT_VERSION = 5.0;
				TARGETED_DEVICE_FAMILY = "1,2";
			};
			name = Debug;
		};
		0BFE1BD9265ACC7D00A9FCF0 /* Release */ = {
			isa = XCBuildConfiguration;
			buildSettings = {
				ASSETCATALOG_COMPILER_APPICON_NAME = AppIcon;
				ASSETCATALOG_COMPILER_GLOBAL_ACCENT_COLOR_NAME = AccentColor;
				CODE_SIGN_STYLE = Automatic;
				DEVELOPMENT_TEAM = D667779EGE;
				INFOPLIST_FILE = Example/Info.plist;
				LD_RUNPATH_SEARCH_PATHS = (
					"$(inherited)",
					"@executable_path/Frameworks",
				);
				PRODUCT_BUNDLE_IDENTIFIER = Steewe.Example;
				PRODUCT_NAME = "$(TARGET_NAME)";
				SWIFT_VERSION = 5.0;
				TARGETED_DEVICE_FAMILY = "1,2";
			};
			name = Release;
		};
		0BFE1BDB265ACC7D00A9FCF0 /* Debug */ = {
			isa = XCBuildConfiguration;
			buildSettings = {
				ALWAYS_EMBED_SWIFT_STANDARD_LIBRARIES = YES;
				BUNDLE_LOADER = "$(TEST_HOST)";
				CODE_SIGN_STYLE = Automatic;
				DEVELOPMENT_TEAM = D667779EGE;
				INFOPLIST_FILE = ExampleTests/Info.plist;
				IPHONEOS_DEPLOYMENT_TARGET = 14.5;
				LD_RUNPATH_SEARCH_PATHS = (
					"$(inherited)",
					"@executable_path/Frameworks",
					"@loader_path/Frameworks",
				);
				PRODUCT_BUNDLE_IDENTIFIER = Steewe.ExampleTests;
				PRODUCT_NAME = "$(TARGET_NAME)";
				SWIFT_VERSION = 5.0;
				TARGETED_DEVICE_FAMILY = "1,2";
				TEST_HOST = "$(BUILT_PRODUCTS_DIR)/Example.app/Example";
			};
			name = Debug;
		};
		0BFE1BDC265ACC7D00A9FCF0 /* Release */ = {
			isa = XCBuildConfiguration;
			buildSettings = {
				ALWAYS_EMBED_SWIFT_STANDARD_LIBRARIES = YES;
				BUNDLE_LOADER = "$(TEST_HOST)";
				CODE_SIGN_STYLE = Automatic;
				DEVELOPMENT_TEAM = D667779EGE;
				INFOPLIST_FILE = ExampleTests/Info.plist;
				IPHONEOS_DEPLOYMENT_TARGET = 14.5;
				LD_RUNPATH_SEARCH_PATHS = (
					"$(inherited)",
					"@executable_path/Frameworks",
					"@loader_path/Frameworks",
				);
				PRODUCT_BUNDLE_IDENTIFIER = Steewe.ExampleTests;
				PRODUCT_NAME = "$(TARGET_NAME)";
				SWIFT_VERSION = 5.0;
				TARGETED_DEVICE_FAMILY = "1,2";
				TEST_HOST = "$(BUILT_PRODUCTS_DIR)/Example.app/Example";
			};
			name = Release;
		};
		0BFE1BDE265ACC7D00A9FCF0 /* Debug */ = {
			isa = XCBuildConfiguration;
			buildSettings = {
				ALWAYS_EMBED_SWIFT_STANDARD_LIBRARIES = YES;
				CODE_SIGN_STYLE = Automatic;
				DEVELOPMENT_TEAM = D667779EGE;
				INFOPLIST_FILE = ExampleUITests/Info.plist;
				LD_RUNPATH_SEARCH_PATHS = (
					"$(inherited)",
					"@executable_path/Frameworks",
					"@loader_path/Frameworks",
				);
				PRODUCT_BUNDLE_IDENTIFIER = Steewe.ExampleUITests;
				PRODUCT_NAME = "$(TARGET_NAME)";
				SWIFT_VERSION = 5.0;
				TARGETED_DEVICE_FAMILY = "1,2";
				TEST_TARGET_NAME = Example;
			};
			name = Debug;
		};
		0BFE1BDF265ACC7D00A9FCF0 /* Release */ = {
			isa = XCBuildConfiguration;
			buildSettings = {
				ALWAYS_EMBED_SWIFT_STANDARD_LIBRARIES = YES;
				CODE_SIGN_STYLE = Automatic;
				DEVELOPMENT_TEAM = D667779EGE;
				INFOPLIST_FILE = ExampleUITests/Info.plist;
				LD_RUNPATH_SEARCH_PATHS = (
					"$(inherited)",
					"@executable_path/Frameworks",
					"@loader_path/Frameworks",
				);
				PRODUCT_BUNDLE_IDENTIFIER = Steewe.ExampleUITests;
				PRODUCT_NAME = "$(TARGET_NAME)";
				SWIFT_VERSION = 5.0;
				TARGETED_DEVICE_FAMILY = "1,2";
				TEST_TARGET_NAME = Example;
			};
			name = Release;
		};
/* End XCBuildConfiguration section */

/* Begin XCConfigurationList section */
		0BFE1BA8265ACC7C00A9FCF0 /* Build configuration list for PBXProject "Example" */ = {
			isa = XCConfigurationList;
			buildConfigurations = (
				0BFE1BD5265ACC7D00A9FCF0 /* Debug */,
				0BFE1BD6265ACC7D00A9FCF0 /* Release */,
			);
			defaultConfigurationIsVisible = 0;
			defaultConfigurationName = Release;
		};
		0BFE1BD7265ACC7D00A9FCF0 /* Build configuration list for PBXNativeTarget "Example" */ = {
			isa = XCConfigurationList;
			buildConfigurations = (
				0BFE1BD8265ACC7D00A9FCF0 /* Debug */,
				0BFE1BD9265ACC7D00A9FCF0 /* Release */,
			);
			defaultConfigurationIsVisible = 0;
			defaultConfigurationName = Release;
		};
		0BFE1BDA265ACC7D00A9FCF0 /* Build configuration list for PBXNativeTarget "ExampleTests" */ = {
			isa = XCConfigurationList;
			buildConfigurations = (
				0BFE1BDB265ACC7D00A9FCF0 /* Debug */,
				0BFE1BDC265ACC7D00A9FCF0 /* Release */,
			);
			defaultConfigurationIsVisible = 0;
			defaultConfigurationName = Release;
		};
		0BFE1BDD265ACC7D00A9FCF0 /* Build configuration list for PBXNativeTarget "ExampleUITests" */ = {
			isa = XCConfigurationList;
			buildConfigurations = (
				0BFE1BDE265ACC7D00A9FCF0 /* Debug */,
				0BFE1BDF265ACC7D00A9FCF0 /* Release */,
			);
			defaultConfigurationIsVisible = 0;
			defaultConfigurationName = Release;
		};
/* End XCConfigurationList section */
	};
	rootObject = 0BFE1BA5265ACC7C00A9FCF0 /* Project object */;
}
